PODS:
  - Atlas (1.2.0):
    - LayerKit (~> 4.0.0)
  - Expecta (1.0.6)
  - KIF (3.7.3):
    - KIF/Core (= 3.7.3)
  - KIF/Core (3.7.3)
  - KIFViewControllerActions (1.0.2):
    - KIF (>= 2.0.0)
  - LayerKit (4.0.0)
  - LYRCountDownLatch (0.9.0)
  - OCMock (3.4.1)

DEPENDENCIES:
  - Atlas (from `.`)
  - Expecta
  - KIF
  - KIFViewControllerActions (~> 1.0.2)
  - LYRCountDownLatch (from `https://github.com/layerhq/LYRCountDownLatch.git`)
  - OCMock

EXTERNAL SOURCES:
  Atlas:
    :path: "."
  LYRCountDownLatch:
    :git: https://github.com/layerhq/LYRCountDownLatch.git

CHECKOUT OPTIONS:
  LYRCountDownLatch:
    :commit: '02119f855ad14e7fc0dae32bbbf17c735a281cfe'
    :git: https://github.com/layerhq/LYRCountDownLatch.git

SPEC CHECKSUMS:
  Atlas: bacae8c809135268a984a68f0bc1e11086ff6a21
  Expecta: 3b6bd90a64b9a1dcb0b70aa0e10a7f8f631667d5
  KIF: 4c23b5d24dba24d3cb6dbb9c7d325b31e526ba4a
  KIFViewControllerActions: 923795dc4bd4ca5657841ce7455ce67447693861
  LayerKit: 865c5fb9faaaf4fc785c910a8e66fcdef39ba771
  LYRCountDownLatch: 9b440b42a19ddbf4e75bdd4b43726baa1527606a
  OCMock: 2cd0716969bab32a2283ff3a46fd26a8c8b4c5e3

PODFILE CHECKSUM: 8961daffdeefa8d5f0425798d1cff0caed066344

COCOAPODS: 1.2.1
