PODS:
  - Atlas (1.2.0):
    - LayerKit (~> 4.0.2)
  - Expecta (1.0.5)
  - KIF (3.7.0):
    - KIF/Core (= 3.7.0)
  - KIF/Core (3.7.0)
  - KIFViewControllerActions (1.0.2):
    - KIF (>= 2.0.0)
  - LayerKit (4.0.2)
  - LYRCountDownLatch (0.9.0)
  - OCMock (3.4.2)

DEPENDENCIES:
  - Atlas (from `.`)
  - Expecta
  - KIF
  - KIFViewControllerActions (~> 1.0.2)
  - LYRCountDownLatch (from `https://github.com/layerhq/LYRCountDownLatch.git`)
  - OCMock

SPEC REPOS:
  https://github.com/cocoapods/specs.git:
    - Expecta
    - KIF
    - KIFViewControllerActions
    - LayerKit
    - OCMock

EXTERNAL SOURCES:
  Atlas:
    :path: "."
  LYRCountDownLatch:
    :git: https://github.com/layerhq/LYRCountDownLatch.git

CHECKOUT OPTIONS:
  LYRCountDownLatch:
    :commit: 02119f855ad14e7fc0dae32bbbf17c735a281cfe
    :git: https://github.com/layerhq/LYRCountDownLatch.git

SPEC CHECKSUMS:
  Atlas: 23d955c80e584e2646b8840a2524cfd904ac4d1c
  Expecta: e1c022fcd33910b6be89c291d2775b3fe27a89fe
  KIF: 1b3a52314e7f0fb46585221724e183fec8785221
  KIFViewControllerActions: 923795dc4bd4ca5657841ce7455ce67447693861
  LayerKit: da1aa4fbe8ed936c5bf5e2c50504eb099e30e3da
  LYRCountDownLatch: 9b440b42a19ddbf4e75bdd4b43726baa1527606a
  OCMock: ebe9ee1dca7fbed0ff9193ac0b3e2d8862ea56f6

PODFILE CHECKSUM: 8961daffdeefa8d5f0425798d1cff0caed066344

COCOAPODS: 1.5.2
